
Microsoft Visual Studio Solution File, Format Version 12.00
# Visual Studio Version 17
VisualStudioVersion = 17.0.31919.166
MinimumVisualStudioVersion = 10.0.40219.1
Project("{2150E333-8FDC-42A3-9474-1A3956D46DE8}") = "Server", "Server", "{B850C64A-C5A4-4C6E-8B99-C2A797CC4892}"
EndProject
Project("{2150E333-8FDC-42A3-9474-1A3956D46DE8}") = "API", "API", "{B9604DB7-A8AD-49A4-85A4-F6EA74080D00}"
EndProject
Project("{2150E333-8FDC-42A3-9474-1A3956D46DE8}") = "Contracts", "Contracts", "{D3400505-7E28-4EC6-8964-F1EF9EE84F8B}"
EndProject
Project("{2150E333-8FDC-42A3-9474-1A3956D46DE8}") = "Models", "Models", "{55B8881C-C3E7-4E50-8BAE-FF539D3A3E52}"
EndProject
Project("{9A19103F-16F7-4668-BE54-9A1E7A4F7556}") = "CnD.CommunalPayments.Contracts.Models", "src\Contracts\CnD.CommunalPayments.Contracts.Models\CnD.CommunalPayments.Contracts.Models.csproj", "{19CB1290-19B9-4BEB-8BB4-ABB9B1F5781A}"
EndProject
Project("{2150E333-8FDC-42A3-9474-1A3956D46DE8}") = "Domen", "Domen", "{673330BE-2B7B-4298-8345-1A5C0B31AFDB}"
EndProject
Project("{2150E333-8FDC-42A3-9474-1A3956D46DE8}") = "Infrastructure", "Infrastructure", "{95EA4715-F402-4CF1-B8BE-215E065EC174}"
EndProject
Project("{2150E333-8FDC-42A3-9474-1A3956D46DE8}") = "Tests", "Tests", "{A7B6D90C-5C33-4FDC-9F8F-12A93317B720}"
EndProject
Project("{2150E333-8FDC-42A3-9474-1A3956D46DE8}") = "DataLayer", "DataLayer", "{B9850536-E3F9-4432-B925-862AD05F039D}"
EndProject
Project("{2150E333-8FDC-42A3-9474-1A3956D46DE8}") = "DAO", "DAO", "{0C157B78-041E-4FE2-AB4A-F32CD7BACD4E}"
EndProject
Project("{2150E333-8FDC-42A3-9474-1A3956D46DE8}") = "DAOProviders", "DAOProviders", "{B15AED95-A382-44F0-98EE-219A2CADA342}"
EndProject
Project("{9A19103F-16F7-4668-BE54-9A1E7A4F7556}") = "CnD.CommunalPayments.Server.Dao", "src\Server\DataLayer\DAO\CnD.CommunalPayments.Server.Dao\CnD.CommunalPayments.Server.Dao.csproj", "{201D5E1F-BA52-46A1-B8D5-8337B9DF436F}"
EndProject
Project("{9A19103F-16F7-4668-BE54-9A1E7A4F7556}") = "CnD.CommunalPayments.Server.Dao.Entities", "src\Server\DataLayer\DAO\CnD.CommunalPayments.Server.Dao.Entities\CnD.CommunalPayments.Server.Dao.Entities.csproj", "{AC3BA07B-F493-42C8-956B-65C58325E5E8}"
EndProject
Project("{9A19103F-16F7-4668-BE54-9A1E7A4F7556}") = "CnD.CommunalPayments.Server.Dao.IMPL.SQL", "src\Server\DataLayer\DAO\CnD.CommunalPayments.Server.Dao.IMPL.SQL\CnD.CommunalPayments.Server.Dao.IMPL.SQL.csproj", "{7C7F384D-64CE-4FFB-B18F-E2B618BD095C}"
EndProject
Project("{9A19103F-16F7-4668-BE54-9A1E7A4F7556}") = "CnD.CommunalPayments.Server.DaoProviders", "src\Server\DataLayer\DAOProviders\CnD.CommunalPayments.Server.DaoProviders\CnD.CommunalPayments.Server.DaoProviders.csproj", "{6CBD3E76-5D49-47D2-8059-7AF4FE6A8CA5}"
EndProject
Project("{9A19103F-16F7-4668-BE54-9A1E7A4F7556}") = "CnD.CommunalPayments.Server.DaoProviders.IMPL", "src\Server\DataLayer\DAOProviders\CnD.CommunalPayments.Server.DaoProviders.IMPL\CnD.CommunalPayments.Server.DaoProviders.IMPL.csproj", "{327DE73E-0D27-4329-8E57-1BAE380A2A13}"
EndProject
Project("{9A19103F-16F7-4668-BE54-9A1E7A4F7556}") = "CnD.CommunalPayments.Server.Infrastructure.DIContainer", "src\Server\Domen\CnD.CommunalPayments.Server.Infrastructure.DIContainer\CnD.CommunalPayments.Server.Infrastructure.DIContainer.csproj", "{727C557B-159F-4C35-9CC9-AAE5D929EF7A}"
EndProject
Project("{2150E333-8FDC-42A3-9474-1A3956D46DE8}") = "Services", "Services", "{97069BE1-D3D1-434C-BAD4-DAE0959FC11F}"
EndProject
Project("{9A19103F-16F7-4668-BE54-9A1E7A4F7556}") = "CnD.CommunalPayments.Server.Services.BL", "src\Server\Services\CnD.CommunalPayments.Server.Services.BL\CnD.CommunalPayments.Server.Services.BL.csproj", "{5271CF48-E8B8-4008-9171-A5536139AC0F}"
EndProject
Project("{9A19103F-16F7-4668-BE54-9A1E7A4F7556}") = "CnD.CommunalPayments.Server.Domen.Models", "src\Server\Domen\CnD.CommunalPayments.Server.Domen.Models\CnD.CommunalPayments.Server.Domen.Models.csproj", "{57FC56CA-E813-45D8-BECE-A49A788BCCD0}"
EndProject
Project("{9A19103F-16F7-4668-BE54-9A1E7A4F7556}") = "CnD.CommunalPayments.Server.Infrastructure.Mapper", "src\Server\Domen\CnD.CommunalPayments.Server.Infrastructure.Mapper\CnD.CommunalPayments.Server.Infrastructure.Mapper.csproj", "{98BF2D0A-A070-4A0D-B18D-BED1B23E951C}"
EndProject
Project("{9A19103F-16F7-4668-BE54-9A1E7A4F7556}") = "CnD.CommunalPayments.Server.Api", "src\Server\Web\CnD.CommunalPayments.Server.Api\CnD.CommunalPayments.Server.Api.csproj", "{A2ED8D09-D2FC-44C2-9E93-7FE8F8EB45E1}"
EndProject
Project("{9A19103F-16F7-4668-BE54-9A1E7A4F7556}") = "CnD.CommunalPayments.Server.Domen.Core", "src\Server\Domen\CnD.CommunalPayments.Server.Domen.Core\CnD.CommunalPayments.Server.Domen.Core.csproj", "{2E7B5632-7693-4FFC-BCC2-B7A065AE8822}"
EndProject
Project("{9A19103F-16F7-4668-BE54-9A1E7A4F7556}") = "CnD.CommunalPayments.Server.DaoProviders.Registrator", "src\Server\DataLayer\DAOProviders\CnD.CommunalPayments.Server.DaoProviders.Registrator\CnD.CommunalPayments.Server.DaoProviders.Registrator.csproj", "{E7E4CFCE-E419-4C84-947E-89C91CB3E5D3}"
EndProject
Project("{2150E333-8FDC-42A3-9474-1A3956D46DE8}") = "DaoProviderTests", "DaoProviderTests", "{08F982A7-3775-4691-8F7A-BCEED6736E82}"
EndProject
Project("{9A19103F-16F7-4668-BE54-9A1E7A4F7556}") = "CnD.CommunalPayments.Server.DaoProviders.Tests", "tests\DaoProviderTests\CnD.CommunalPayments.Server.DaoProviders.Tests\CnD.CommunalPayments.Server.DaoProviders.Tests.csproj", "{FC03DF36-2A8A-45F9-B309-FA36FE859A87}"
EndProject
Global
	GlobalSection(SolutionConfigurationPlatforms) = preSolution
		Debug|Any CPU = Debug|Any CPU
		Release|Any CPU = Release|Any CPU
	EndGlobalSection
	GlobalSection(ProjectConfigurationPlatforms) = postSolution
		{19CB1290-19B9-4BEB-8BB4-ABB9B1F5781A}.Debug|Any CPU.ActiveCfg = Debug|Any CPU
		{19CB1290-19B9-4BEB-8BB4-ABB9B1F5781A}.Debug|Any CPU.Build.0 = Debug|Any CPU
		{19CB1290-19B9-4BEB-8BB4-ABB9B1F5781A}.Release|Any CPU.ActiveCfg = Release|Any CPU
		{19CB1290-19B9-4BEB-8BB4-ABB9B1F5781A}.Release|Any CPU.Build.0 = Release|Any CPU
		{201D5E1F-BA52-46A1-B8D5-8337B9DF436F}.Debug|Any CPU.ActiveCfg = Debug|Any CPU
		{201D5E1F-BA52-46A1-B8D5-8337B9DF436F}.Debug|Any CPU.Build.0 = Debug|Any CPU
		{201D5E1F-BA52-46A1-B8D5-8337B9DF436F}.Release|Any CPU.ActiveCfg = Release|Any CPU
		{201D5E1F-BA52-46A1-B8D5-8337B9DF436F}.Release|Any CPU.Build.0 = Release|Any CPU
		{AC3BA07B-F493-42C8-956B-65C58325E5E8}.Debug|Any CPU.ActiveCfg = Debug|Any CPU
		{AC3BA07B-F493-42C8-956B-65C58325E5E8}.Debug|Any CPU.Build.0 = Debug|Any CPU
		{AC3BA07B-F493-42C8-956B-65C58325E5E8}.Release|Any CPU.ActiveCfg = Release|Any CPU
		{AC3BA07B-F493-42C8-956B-65C58325E5E8}.Release|Any CPU.Build.0 = Release|Any CPU
		{7C7F384D-64CE-4FFB-B18F-E2B618BD095C}.Debug|Any CPU.ActiveCfg = Debug|Any CPU
		{7C7F384D-64CE-4FFB-B18F-E2B618BD095C}.Debug|Any CPU.Build.0 = Debug|Any CPU
		{7C7F384D-64CE-4FFB-B18F-E2B618BD095C}.Release|Any CPU.ActiveCfg = Release|Any CPU
		{7C7F384D-64CE-4FFB-B18F-E2B618BD095C}.Release|Any CPU.Build.0 = Release|Any CPU
		{6CBD3E76-5D49-47D2-8059-7AF4FE6A8CA5}.Debug|Any CPU.ActiveCfg = Debug|Any CPU
		{6CBD3E76-5D49-47D2-8059-7AF4FE6A8CA5}.Debug|Any CPU.Build.0 = Debug|Any CPU
		{6CBD3E76-5D49-47D2-8059-7AF4FE6A8CA5}.Release|Any CPU.ActiveCfg = Release|Any CPU
		{6CBD3E76-5D49-47D2-8059-7AF4FE6A8CA5}.Release|Any CPU.Build.0 = Release|Any CPU
		{327DE73E-0D27-4329-8E57-1BAE380A2A13}.Debug|Any CPU.ActiveCfg = Debug|Any CPU
		{327DE73E-0D27-4329-8E57-1BAE380A2A13}.Debug|Any CPU.Build.0 = Debug|Any CPU
		{327DE73E-0D27-4329-8E57-1BAE380A2A13}.Release|Any CPU.ActiveCfg = Release|Any CPU
		{327DE73E-0D27-4329-8E57-1BAE380A2A13}.Release|Any CPU.Build.0 = Release|Any CPU
		{727C557B-159F-4C35-9CC9-AAE5D929EF7A}.Debug|Any CPU.ActiveCfg = Debug|Any CPU
		{727C557B-159F-4C35-9CC9-AAE5D929EF7A}.Debug|Any CPU.Build.0 = Debug|Any CPU
		{727C557B-159F-4C35-9CC9-AAE5D929EF7A}.Release|Any CPU.ActiveCfg = Release|Any CPU
		{727C557B-159F-4C35-9CC9-AAE5D929EF7A}.Release|Any CPU.Build.0 = Release|Any CPU
		{5271CF48-E8B8-4008-9171-A5536139AC0F}.Debug|Any CPU.ActiveCfg = Debug|Any CPU
		{5271CF48-E8B8-4008-9171-A5536139AC0F}.Debug|Any CPU.Build.0 = Debug|Any CPU
		{5271CF48-E8B8-4008-9171-A5536139AC0F}.Release|Any CPU.ActiveCfg = Release|Any CPU
		{5271CF48-E8B8-4008-9171-A5536139AC0F}.Release|Any CPU.Build.0 = Release|Any CPU
		{57FC56CA-E813-45D8-BECE-A49A788BCCD0}.Debug|Any CPU.ActiveCfg = Debug|Any CPU
		{57FC56CA-E813-45D8-BECE-A49A788BCCD0}.Debug|Any CPU.Build.0 = Debug|Any CPU
		{57FC56CA-E813-45D8-BECE-A49A788BCCD0}.Release|Any CPU.ActiveCfg = Release|Any CPU
		{57FC56CA-E813-45D8-BECE-A49A788BCCD0}.Release|Any CPU.Build.0 = Release|Any CPU
		{98BF2D0A-A070-4A0D-B18D-BED1B23E951C}.Debug|Any CPU.ActiveCfg = Debug|Any CPU
		{98BF2D0A-A070-4A0D-B18D-BED1B23E951C}.Debug|Any CPU.Build.0 = Debug|Any CPU
		{98BF2D0A-A070-4A0D-B18D-BED1B23E951C}.Release|Any CPU.ActiveCfg = Release|Any CPU
		{98BF2D0A-A070-4A0D-B18D-BED1B23E951C}.Release|Any CPU.Build.0 = Release|Any CPU
		{A2ED8D09-D2FC-44C2-9E93-7FE8F8EB45E1}.Debug|Any CPU.ActiveCfg = Debug|Any CPU
		{A2ED8D09-D2FC-44C2-9E93-7FE8F8EB45E1}.Debug|Any CPU.Build.0 = Debug|Any CPU
		{A2ED8D09-D2FC-44C2-9E93-7FE8F8EB45E1}.Release|Any CPU.ActiveCfg = Release|Any CPU
		{A2ED8D09-D2FC-44C2-9E93-7FE8F8EB45E1}.Release|Any CPU.Build.0 = Release|Any CPU
		{2E7B5632-7693-4FFC-BCC2-B7A065AE8822}.Debug|Any CPU.ActiveCfg = Debug|Any CPU
		{2E7B5632-7693-4FFC-BCC2-B7A065AE8822}.Debug|Any CPU.Build.0 = Debug|Any CPU
		{2E7B5632-7693-4FFC-BCC2-B7A065AE8822}.Release|Any CPU.ActiveCfg = Release|Any CPU
		{2E7B5632-7693-4FFC-BCC2-B7A065AE8822}.Release|Any CPU.Build.0 = Release|Any CPU
		{E7E4CFCE-E419-4C84-947E-89C91CB3E5D3}.Debug|Any CPU.ActiveCfg = Debug|Any CPU
		{E7E4CFCE-E419-4C84-947E-89C91CB3E5D3}.Debug|Any CPU.Build.0 = Debug|Any CPU
		{E7E4CFCE-E419-4C84-947E-89C91CB3E5D3}.Release|Any CPU.ActiveCfg = Release|Any CPU
		{E7E4CFCE-E419-4C84-947E-89C91CB3E5D3}.Release|Any CPU.Build.0 = Release|Any CPU
		{FC03DF36-2A8A-45F9-B309-FA36FE859A87}.Debug|Any CPU.ActiveCfg = Debug|Any CPU
		{FC03DF36-2A8A-45F9-B309-FA36FE859A87}.Debug|Any CPU.Build.0 = Debug|Any CPU
		{FC03DF36-2A8A-45F9-B309-FA36FE859A87}.Release|Any CPU.ActiveCfg = Release|Any CPU
		{FC03DF36-2A8A-45F9-B309-FA36FE859A87}.Release|Any CPU.Build.0 = Release|Any CPU
	EndGlobalSection
	GlobalSection(SolutionProperties) = preSolution
		HideSolutionNode = FALSE
	EndGlobalSection
	GlobalSection(NestedProjects) = preSolution
		{B9604DB7-A8AD-49A4-85A4-F6EA74080D00} = {B850C64A-C5A4-4C6E-8B99-C2A797CC4892}
		{55B8881C-C3E7-4E50-8BAE-FF539D3A3E52} = {D3400505-7E28-4EC6-8964-F1EF9EE84F8B}
		{19CB1290-19B9-4BEB-8BB4-ABB9B1F5781A} = {55B8881C-C3E7-4E50-8BAE-FF539D3A3E52}
		{673330BE-2B7B-4298-8345-1A5C0B31AFDB} = {B850C64A-C5A4-4C6E-8B99-C2A797CC4892}
		{95EA4715-F402-4CF1-B8BE-215E065EC174} = {B850C64A-C5A4-4C6E-8B99-C2A797CC4892}
		{A7B6D90C-5C33-4FDC-9F8F-12A93317B720} = {B850C64A-C5A4-4C6E-8B99-C2A797CC4892}
		{B9850536-E3F9-4432-B925-862AD05F039D} = {B850C64A-C5A4-4C6E-8B99-C2A797CC4892}
		{0C157B78-041E-4FE2-AB4A-F32CD7BACD4E} = {B9850536-E3F9-4432-B925-862AD05F039D}
		{B15AED95-A382-44F0-98EE-219A2CADA342} = {B9850536-E3F9-4432-B925-862AD05F039D}
		{201D5E1F-BA52-46A1-B8D5-8337B9DF436F} = {0C157B78-041E-4FE2-AB4A-F32CD7BACD4E}
		{AC3BA07B-F493-42C8-956B-65C58325E5E8} = {0C157B78-041E-4FE2-AB4A-F32CD7BACD4E}
		{7C7F384D-64CE-4FFB-B18F-E2B618BD095C} = {0C157B78-041E-4FE2-AB4A-F32CD7BACD4E}
		{6CBD3E76-5D49-47D2-8059-7AF4FE6A8CA5} = {B15AED95-A382-44F0-98EE-219A2CADA342}
		{327DE73E-0D27-4329-8E57-1BAE380A2A13} = {B15AED95-A382-44F0-98EE-219A2CADA342}
		{727C557B-159F-4C35-9CC9-AAE5D929EF7A} = {95EA4715-F402-4CF1-B8BE-215E065EC174}
		{97069BE1-D3D1-434C-BAD4-DAE0959FC11F} = {B850C64A-C5A4-4C6E-8B99-C2A797CC4892}
		{5271CF48-E8B8-4008-9171-A5536139AC0F} = {97069BE1-D3D1-434C-BAD4-DAE0959FC11F}
		{57FC56CA-E813-45D8-BECE-A49A788BCCD0} = {673330BE-2B7B-4298-8345-1A5C0B31AFDB}
		{98BF2D0A-A070-4A0D-B18D-BED1B23E951C} = {95EA4715-F402-4CF1-B8BE-215E065EC174}
		{A2ED8D09-D2FC-44C2-9E93-7FE8F8EB45E1} = {B9604DB7-A8AD-49A4-85A4-F6EA74080D00}
		{2E7B5632-7693-4FFC-BCC2-B7A065AE8822} = {673330BE-2B7B-4298-8345-1A5C0B31AFDB}
		{E7E4CFCE-E419-4C84-947E-89C91CB3E5D3} = {B15AED95-A382-44F0-98EE-219A2CADA342}
		{08F982A7-3775-4691-8F7A-BCEED6736E82} = {A7B6D90C-5C33-4FDC-9F8F-12A93317B720}
		{FC03DF36-2A8A-45F9-B309-FA36FE859A87} = {08F982A7-3775-4691-8F7A-BCEED6736E82}
	EndGlobalSection
	GlobalSection(ExtensibilityGlobals) = postSolution
		SolutionGuid = {76755EE1-6CFC-49EA-8FD4-041662BB6168}
	EndGlobalSection
EndGlobal
