
Microsoft Visual Studio Solution File, Format Version 12.00
# Visual Studio Version 17
VisualStudioVersion = 17.0.31919.166
MinimumVisualStudioVersion = 10.0.40219.1
Project("{2150E333-8FDC-42A3-9474-1A3956D46DE8}") = "Server", "Server", "{B850C64A-C5A4-4C6E-8B99-C2A797CC4892}"
EndProject
Project("{2150E333-8FDC-42A3-9474-1A3956D46DE8}") = "API", "API", "{B9604DB7-A8AD-49A4-85A4-F6EA74080D00}"
EndProject
Project("{FAE04EC0-301F-11D3-BF4B-00C04F79EFBC}") = "CnD.CommunalPayments.Server.Api", "src\Server\CnD.CommunalPayments.Server.Api\CnD.CommunalPayments.Server.Api.csproj", "{02EFDBD6-C3C4-48AD-8251-3844F25D1CB7}"
EndProject
Project("{2150E333-8FDC-42A3-9474-1A3956D46DE8}") = "Contracts", "Contracts", "{D3400505-7E28-4EC6-8964-F1EF9EE84F8B}"
EndProject
Project("{2150E333-8FDC-42A3-9474-1A3956D46DE8}") = "Models", "Models", "{55B8881C-C3E7-4E50-8BAE-FF539D3A3E52}"
EndProject
Project("{FAE04EC0-301F-11D3-BF4B-00C04F79EFBC}") = "CnD.CommunalPayments.Contracts.Models", "src\Contracts\CnD.CommunalPayments.Contracts.Models\CnD.CommunalPayments.Contracts.Models.csproj", "{19CB1290-19B9-4BEB-8BB4-ABB9B1F5781A}"
EndProject
Project("{2150E333-8FDC-42A3-9474-1A3956D46DE8}") = "Domen", "Domen", "{673330BE-2B7B-4298-8345-1A5C0B31AFDB}"
EndProject
Project("{2150E333-8FDC-42A3-9474-1A3956D46DE8}") = "DAO", "DAO", "{BF723384-F2FD-4773-9095-9FB5BA548DDD}"
EndProject
Project("{FAE04EC0-301F-11D3-BF4B-00C04F79EFBC}") = "CnD.CommunalPayments.Server.Domen.Models", "CnD.CommunalPayments.Server.Domen.Models\CnD.CommunalPayments.Server.Domen.Models.csproj", "{EC8B8599-4E95-4D75-A59C-2D6C27DF793A}"
EndProject
Global
	GlobalSection(SolutionConfigurationPlatforms) = preSolution
		Debug|Any CPU = Debug|Any CPU
		Release|Any CPU = Release|Any CPU
	EndGlobalSection
	GlobalSection(ProjectConfigurationPlatforms) = postSolution
		{02EFDBD6-C3C4-48AD-8251-3844F25D1CB7}.Debug|Any CPU.ActiveCfg = Debug|Any CPU
		{02EFDBD6-C3C4-48AD-8251-3844F25D1CB7}.Debug|Any CPU.Build.0 = Debug|Any CPU
		{02EFDBD6-C3C4-48AD-8251-3844F25D1CB7}.Release|Any CPU.ActiveCfg = Release|Any CPU
		{02EFDBD6-C3C4-48AD-8251-3844F25D1CB7}.Release|Any CPU.Build.0 = Release|Any CPU
		{19CB1290-19B9-4BEB-8BB4-ABB9B1F5781A}.Debug|Any CPU.ActiveCfg = Debug|Any CPU
		{19CB1290-19B9-4BEB-8BB4-ABB9B1F5781A}.Debug|Any CPU.Build.0 = Debug|Any CPU
		{19CB1290-19B9-4BEB-8BB4-ABB9B1F5781A}.Release|Any CPU.ActiveCfg = Release|Any CPU
		{19CB1290-19B9-4BEB-8BB4-ABB9B1F5781A}.Release|Any CPU.Build.0 = Release|Any CPU
		{EC8B8599-4E95-4D75-A59C-2D6C27DF793A}.Debug|Any CPU.ActiveCfg = Debug|Any CPU
		{EC8B8599-4E95-4D75-A59C-2D6C27DF793A}.Debug|Any CPU.Build.0 = Debug|Any CPU
		{EC8B8599-4E95-4D75-A59C-2D6C27DF793A}.Release|Any CPU.ActiveCfg = Release|Any CPU
		{EC8B8599-4E95-4D75-A59C-2D6C27DF793A}.Release|Any CPU.Build.0 = Release|Any CPU
	EndGlobalSection
	GlobalSection(SolutionProperties) = preSolution
		HideSolutionNode = FALSE
	EndGlobalSection
	GlobalSection(NestedProjects) = preSolution
		{B9604DB7-A8AD-49A4-85A4-F6EA74080D00} = {B850C64A-C5A4-4C6E-8B99-C2A797CC4892}
		{02EFDBD6-C3C4-48AD-8251-3844F25D1CB7} = {B9604DB7-A8AD-49A4-85A4-F6EA74080D00}
		{55B8881C-C3E7-4E50-8BAE-FF539D3A3E52} = {D3400505-7E28-4EC6-8964-F1EF9EE84F8B}
		{19CB1290-19B9-4BEB-8BB4-ABB9B1F5781A} = {55B8881C-C3E7-4E50-8BAE-FF539D3A3E52}
		{673330BE-2B7B-4298-8345-1A5C0B31AFDB} = {B850C64A-C5A4-4C6E-8B99-C2A797CC4892}
		{BF723384-F2FD-4773-9095-9FB5BA548DDD} = {B850C64A-C5A4-4C6E-8B99-C2A797CC4892}
		{EC8B8599-4E95-4D75-A59C-2D6C27DF793A} = {673330BE-2B7B-4298-8345-1A5C0B31AFDB}
	EndGlobalSection
	GlobalSection(ExtensibilityGlobals) = postSolution
		SolutionGuid = {76755EE1-6CFC-49EA-8FD4-041662BB6168}
	EndGlobalSection
EndGlobal
